
Microsoft Visual Studio Solution File, Format Version 12.00
# Visual Studio Version 16
VisualStudioVersion = 16.0.31729.503
MinimumVisualStudioVersion = 10.0.40219.1
Project("{2150E333-8FDC-42A3-9474-1A3956D46DE8}") = "Solution Items", "Solution Items", "{72B45E77-CD9D-4420-BA24-B87DF8011919}"
	ProjectSection(SolutionItems) = preProject
		.gitignore = .gitignore
	EndProjectSection
EndProject
Project("{9A19103F-16F7-4668-BE54-9A1E7A4F7556}") = "huitMsixB.METIER", "8M6B.Metier\huitMsixB.METIER.csproj", "{6823F20F-C40C-419E-9380-E0FFE412BB3E}"
EndProject
Project("{9A19103F-16F7-4668-BE54-9A1E7A4F7556}") = "huitMsixB.DAL", "8M6B.DAL\huitMsixB.DAL.csproj", "{458F5EBF-19DC-4D08-B16C-AA61D17AEA5B}"
EndProject
Global
	GlobalSection(SolutionConfigurationPlatforms) = preSolution
		Debug|Any CPU = Debug|Any CPU
		Release|Any CPU = Release|Any CPU
	EndGlobalSection
	GlobalSection(ProjectConfigurationPlatforms) = postSolution
		{6823F20F-C40C-419E-9380-E0FFE412BB3E}.Debug|Any CPU.ActiveCfg = Debug|Any CPU
		{6823F20F-C40C-419E-9380-E0FFE412BB3E}.Debug|Any CPU.Build.0 = Debug|Any CPU
		{6823F20F-C40C-419E-9380-E0FFE412BB3E}.Release|Any CPU.ActiveCfg = Release|Any CPU
		{6823F20F-C40C-419E-9380-E0FFE412BB3E}.Release|Any CPU.Build.0 = Release|Any CPU
		{458F5EBF-19DC-4D08-B16C-AA61D17AEA5B}.Debug|Any CPU.ActiveCfg = Debug|Any CPU
		{458F5EBF-19DC-4D08-B16C-AA61D17AEA5B}.Debug|Any CPU.Build.0 = Debug|Any CPU
		{458F5EBF-19DC-4D08-B16C-AA61D17AEA5B}.Release|Any CPU.ActiveCfg = Release|Any CPU
		{458F5EBF-19DC-4D08-B16C-AA61D17AEA5B}.Release|Any CPU.Build.0 = Release|Any CPU
	EndGlobalSection
	GlobalSection(SolutionProperties) = preSolution
		HideSolutionNode = FALSE
	EndGlobalSection
	GlobalSection(ExtensibilityGlobals) = postSolution
		SolutionGuid = {2F0D1DF8-8EED-4F2C-B3D3-1D8904145233}
	EndGlobalSection
EndGlobal
